// !$*UTF8*$!
{
	archiveVersion = 1;
	classes = {
	};
	objectVersion = 48;
	objects = {

/* Begin PBXBuildFile section */
		CF285206203FAA5F00C55135 /* AppDelegate.m in Sources */ = {isa = PBXBuildFile; fileRef = CF285205203FAA5F00C55135 /* AppDelegate.m */; };
		CF285209203FAA5F00C55135 /* ViewController.m in Sources */ = {isa = PBXBuildFile; fileRef = CF285208203FAA5F00C55135 /* ViewController.m */; };
		CF28520C203FAA5F00C55135 /* Main.storyboard in Resources */ = {isa = PBXBuildFile; fileRef = CF28520A203FAA5F00C55135 /* Main.storyboard */; };
		CF28520E203FAA5F00C55135 /* Assets.xcassets in Resources */ = {isa = PBXBuildFile; fileRef = CF28520D203FAA5F00C55135 /* Assets.xcassets */; };
		CF285211203FAA5F00C55135 /* LaunchScreen.storyboard in Resources */ = {isa = PBXBuildFile; fileRef = CF28520F203FAA5F00C55135 /* LaunchScreen.storyboard */; };
		CF285214203FAA5F00C55135 /* main.m in Sources */ = {isa = PBXBuildFile; fileRef = CF285213203FAA5F00C55135 /* main.m */; };
/* End PBXBuildFile section */

/* Begin PBXFileReference section */
		CF285201203FAA5F00C55135 /* SiJiOAProject.app */ = {isa = PBXFileReference; explicitFileType = wrapper.application; includeInIndex = 0; path = SiJiOAProject.app; sourceTree = BUILT_PRODUCTS_DIR; };
		CF285204203FAA5F00C55135 /* AppDelegate.h */ = {isa = PBXFileReference; lastKnownFileType = sourcecode.c.h; path = AppDelegate.h; sourceTree = "<group>"; };
		CF285205203FAA5F00C55135 /* AppDelegate.m */ = {isa = PBXFileReference; lastKnownFileType = sourcecode.c.objc; path = AppDelegate.m; sourceTree = "<group>"; };
		CF285207203FAA5F00C55135 /* ViewController.h */ = {isa = PBXFileReference; lastKnownFileType = sourcecode.c.h; path = ViewController.h; sourceTree = "<group>"; };
		CF285208203FAA5F00C55135 /* ViewController.m */ = {isa = PBXFileReference; lastKnownFileType = sourcecode.c.objc; path = ViewController.m; sourceTree = "<group>"; };
		CF28520B203FAA5F00C55135 /* Base */ = {isa = PBXFileReference; lastKnownFileType = file.storyboard; name = Base; path = Base.lproj/Main.storyboard; sourceTree = "<group>"; };
		CF28520D203FAA5F00C55135 /* Assets.xcassets */ = {isa = PBXFileReference; lastKnownFileType = folder.assetcatalog; path = Assets.xcassets; sourceTree = "<group>"; };
		CF285210203FAA5F00C55135 /* Base */ = {isa = PBXFileReference; lastKnownFileType = file.storyboard; name = Base; path = Base.lproj/LaunchScreen.storyboard; sourceTree = "<group>"; };
		CF285212203FAA5F00C55135 /* Info.plist */ = {isa = PBXFileReference; lastKnownFileType = text.plist.xml; path = Info.plist; sourceTree = "<group>"; };
		CF285213203FAA5F00C55135 /* main.m */ = {isa = PBXFileReference; lastKnownFileType = sourcecode.c.objc; path = main.m; sourceTree = "<group>"; };
/* End PBXFileReference section */

/* Begin PBXFrameworksBuildPhase section */
		CF2851FE203FAA5F00C55135 /* Frameworks */ = {
			isa = PBXFrameworksBuildPhase;
			buildActionMask = 2147483647;
			files = (
			);
			runOnlyForDeploymentPostprocessing = 0;
		};
/* End PBXFrameworksBuildPhase section */

/* Begin PBXGroup section */
		CF2851F8203FAA5F00C55135 = {
			isa = PBXGroup;
			children = (
				CF285203203FAA5F00C55135 /* SiJiOAProject */,
				CF285202203FAA5F00C55135 /* Products */,
			);
			sourceTree = "<group>";
		};
		CF285202203FAA5F00C55135 /* Products */ = {
			isa = PBXGroup;
			children = (
				CF285201203FAA5F00C55135 /* SiJiOAProject.app */,
			);
			name = Products;
			sourceTree = "<group>";
		};
		CF285203203FAA5F00C55135 /* SiJiOAProject */ = {
			isa = PBXGroup;
			children = (
				CF285204203FAA5F00C55135 /* AppDelegate.h */,
				CF285205203FAA5F00C55135 /* AppDelegate.m */,
				CF285207203FAA5F00C55135 /* ViewController.h */,
				CF285208203FAA5F00C55135 /* ViewController.m */,
				CF28520A203FAA5F00C55135 /* Main.storyboard */,
				CF28520D203FAA5F00C55135 /* Assets.xcassets */,
				CF28520F203FAA5F00C55135 /* LaunchScreen.storyboard */,
				CF285212203FAA5F00C55135 /* Info.plist */,
				CF285213203FAA5F00C55135 /* main.m */,
			);
			path = SiJiOAProject;
			sourceTree = "<group>";
		};
/* End PBXGroup section */

/* Begin PBXNativeTarget section */
		CF285200203FAA5F00C55135 /* SiJiOAProject */ = {
			isa = PBXNativeTarget;
			buildConfigurationList = CF285217203FAA5F00C55135 /* Build configuration list for PBXNativeTarget "SiJiOAProject" */;
			buildPhases = (
				CF2851FD203FAA5F00C55135 /* Sources */,
				CF2851FE203FAA5F00C55135 /* Frameworks */,
				CF2851FF203FAA5F00C55135 /* Resources */,
			);
			buildRules = (
			);
			dependencies = (
			);
			name = SiJiOAProject;
			productName = SiJiOAProject;
			productReference = CF285201203FAA5F00C55135 /* SiJiOAProject.app */;
			productType = "com.apple.product-type.application";
		};
/* End PBXNativeTarget section */

/* Begin PBXProject section */
		CF2851F9203FAA5F00C55135 /* Project object */ = {
			isa = PBXProject;
			attributes = {
				LastUpgradeCheck = 0920;
				ORGANIZATIONNAME = qiong;
				TargetAttributes = {
					CF285200203FAA5F00C55135 = {
						CreatedOnToolsVersion = 9.2;
						ProvisioningStyle = Automatic;
					};
				};
			};
			buildConfigurationList = CF2851FC203FAA5F00C55135 /* Build configuration list for PBXProject "SiJiOAProject" */;
			compatibilityVersion = "Xcode 8.0";
			developmentRegion = en;
			hasScannedForEncodings = 0;
			knownRegions = (
				en,
				Base,
			);
			mainGroup = CF2851F8203FAA5F00C55135;
			productRefGroup = CF285202203FAA5F00C55135 /* Products */;
			projectDirPath = "";
			projectRoot = "";
			targets = (
				CF285200203FAA5F00C55135 /* SiJiOAProject */,
			);
		};
/* End PBXProject section */

/* Begin PBXResourcesBuildPhase section */
		CF2851FF203FAA5F00C55135 /* Resources */ = {
			isa = PBXResourcesBuildPhase;
			buildActionMask = 2147483647;
			files = (
				CF285211203FAA5F00C55135 /* LaunchScreen.storyboard in Resources */,
				CF28520E203FAA5F00C55135 /* Assets.xcassets in Resources */,
				CF28520C203FAA5F00C55135 /* Main.storyboard in Resources */,
			);
			runOnlyForDeploymentPostprocessing = 0;
		};
/* End PBXResourcesBuildPhase section */

/* Begin PBXSourcesBuildPhase section */
		CF2851FD203FAA5F00C55135 /* Sources */ = {
			isa = PBXSourcesBuildPhase;
			buildActionMask = 2147483647;
			files = (
				CF285209203FAA5F00C55135 /* ViewController.m in Sources */,
				CF285214203FAA5F00C55135 /* main.m in Sources */,
				CF285206203FAA5F00C55135 /* AppDelegate.m in Sources */,
			);
			runOnlyForDeploymentPostprocessing = 0;
		};
/* End PBXSourcesBuildPhase section */

/* Begin PBXVariantGroup section */
		CF28520A203FAA5F00C55135 /* Main.storyboard */ = {
			isa = PBXVariantGroup;
			children = (
				CF28520B203FAA5F00C55135 /* Base */,
			);
			name = Main.storyboard;
			sourceTree = "<group>";
		};
		CF28520F203FAA5F00C55135 /* LaunchScreen.storyboard */ = {
			isa = PBXVariantGroup;
			children = (
				CF285210203FAA5F00C55135 /* Base */,
			);
			name = LaunchScreen.storyboard;
			sourceTree = "<group>";
		};
/* End PBXVariantGroup section */

/* Begin XCBuildConfiguration section */
		CF285215203FAA5F00C55135 /* Debug */ = {
			isa = XCBuildConfiguration;
			buildSettings = {
				ALWAYS_SEARCH_USER_PATHS = NO;
				CLANG_ANALYZER_NONNULL = YES;
				CLANG_ANALYZER_NUMBER_OBJECT_CONVERSION = YES_AGGRESSIVE;
				CLANG_CXX_LANGUAGE_STANDARD = "gnu++14";
				CLANG_CXX_LIBRARY = "libc++";
				CLANG_ENABLE_MODULES = YES;
				CLANG_ENABLE_OBJC_ARC = YES;
				CLANG_WARN_BLOCK_CAPTURE_AUTORELEASING = YES;
				CLANG_WARN_BOOL_CONVERSION = YES;
				CLANG_WARN_COMMA = YES;
				CLANG_WARN_CONSTANT_CONVERSION = YES;
				CLANG_WARN_DIRECT_OBJC_ISA_USAGE = YES_ERROR;
				CLANG_WARN_DOCUMENTATION_COMMENTS = YES;
				CLANG_WARN_EMPTY_BODY = YES;
				CLANG_WARN_ENUM_CONVERSION = YES;
				CLANG_WARN_INFINITE_RECURSION = YES;
				CLANG_WARN_INT_CONVERSION = YES;
				CLANG_WARN_NON_LITERAL_NULL_CONVERSION = YES;
				CLANG_WARN_OBJC_LITERAL_CONVERSION = YES;
				CLANG_WARN_OBJC_ROOT_CLASS = YES_ERROR;
				CLANG_WARN_RANGE_LOOP_ANALYSIS = YES;
				CLANG_WARN_STRICT_PROTOTYPES = YES;
				CLANG_WARN_SUSPICIOUS_MOVE = YES;
				CLANG_WARN_UNGUARDED_AVAILABILITY = YES_AGGRESSIVE;
				CLANG_WARN_UNREACHABLE_CODE = YES;
				CLANG_WARN__DUPLICATE_METHOD_MATCH = YES;
				CODE_SIGN_IDENTITY = "iPhone Developer";
				COPY_PHASE_STRIP = NO;
				DEBUG_INFORMATION_FORMAT = dwarf;
				ENABLE_STRICT_OBJC_MSGSEND = YES;
				ENABLE_TESTABILITY = YES;
				GCC_C_LANGUAGE_STANDARD = gnu11;
				GCC_DYNAMIC_NO_PIC = NO;
				GCC_NO_COMMON_BLOCKS = YES;
				GCC_OPTIMIZATION_LEVEL = 0;
				GCC_PREPROCESSOR_DEFINITIONS = (
					"DEBUG=1",
					"$(inherited)",
				);
				GCC_WARN_64_TO_32_BIT_CONVERSION = YES;
				GCC_WARN_ABOUT_RETURN_TYPE = YES_ERROR;
				GCC_WARN_UNDECLARED_SELECTOR = YES;
				GCC_WARN_UNINITIALIZED_AUTOS = YES_AGGRESSIVE;
				GCC_WARN_UNUSED_FUNCTION = YES;
				GCC_WARN_UNUSED_VARIABLE = YES;
				IPHONEOS_DEPLOYMENT_TARGET = 11.2;
				MTL_ENABLE_DEBUG_INFO = YES;
				ONLY_ACTIVE_ARCH = YES;
				SDKROOT = iphoneos;
			};
			name = Debug;
		};
		CF285216203FAA5F00C55135 /* Release */ = {
			isa = XCBuildConfiguration;
			buildSettings = {
				ALWAYS_SEARCH_USER_PATHS = NO;
				CLANG_ANALYZER_NONNULL = YES;
				CLANG_ANALYZER_NUMBER_OBJECT_CONVERSION = YES_AGGRESSIVE;
				CLANG_CXX_LANGUAGE_STANDARD = "gnu++14";
				CLANG_CXX_LIBRARY = "libc++";
				CLANG_ENABLE_MODULES = YES;
				CLANG_ENABLE_OBJC_ARC = YES;
				CLANG_WARN_BLOCK_CAPTURE_AUTORELEASING = YES;
				CLANG_WARN_BOOL_CONVERSION = YES;
				CLANG_WARN_COMMA = YES;
				CLANG_WARN_CONSTANT_CONVERSION = YES;
				CLANG_WARN_DIRECT_OBJC_ISA_USAGE = YES_ERROR;
				CLANG_WARN_DOCUMENTATION_COMMENTS = YES;
				CLANG_WARN_EMPTY_BODY = YES;
				CLANG_WARN_ENUM_CONVERSION = YES;
				CLANG_WARN_INFINITE_RECURSION = YES;
				CLANG_WARN_INT_CONVERSION = YES;
				CLANG_WARN_NON_LITERAL_NULL_CONVERSION = YES;
				CLANG_WARN_OBJC_LITERAL_CONVERSION = YES;
				CLANG_WARN_OBJC_ROOT_CLASS = YES_ERROR;
				CLANG_WARN_RANGE_LOOP_ANALYSIS = YES;
				CLANG_WARN_STRICT_PROTOTYPES = YES;
				CLANG_WARN_SUSPICIOUS_MOVE = YES;
				CLANG_WARN_UNGUARDED_AVAILABILITY = YES_AGGRESSIVE;
				CLANG_WARN_UNREACHABLE_CODE = YES;
				CLANG_WARN__DUPLICATE_METHOD_MATCH = YES;
				CODE_SIGN_IDENTITY = "iPhone Developer";
				COPY_PHASE_STRIP = NO;
				DEBUG_INFORMATION_FORMAT = "dwarf-with-dsym";
				ENABLE_NS_ASSERTIONS = NO;
				ENABLE_STRICT_OBJC_MSGSEND = YES;
				GCC_C_LANGUAGE_STANDARD = gnu11;
				GCC_NO_COMMON_BLOCKS = YES;
				GCC_WARN_64_TO_32_BIT_CONVERSION = YES;
				GCC_WARN_ABOUT_RETURN_TYPE = YES_ERROR;
				GCC_WARN_UNDECLARED_SELECTOR = YES;
				GCC_WARN_UNINITIALIZED_AUTOS = YES_AGGRESSIVE;
				GCC_WARN_UNUSED_FUNCTION = YES;
				GCC_WARN_UNUSED_VARIABLE = YES;
				IPHONEOS_DEPLOYMENT_TARGET = 11.2;
				MTL_ENABLE_DEBUG_INFO = NO;
				SDKROOT = iphoneos;
				VALIDATE_PRODUCT = YES;
			};
			name = Release;
		};
		CF285218203FAA5F00C55135 /* Debug */ = {
			isa = XCBuildConfiguration;
			buildSettings = {
				ASSETCATALOG_COMPILER_APPICON_NAME = AppIcon;
				CODE_SIGN_STYLE = Automatic;
				DEVELOPMENT_TEAM = HKF69T74PM;
				INFOPLIST_FILE = SiJiOAProject/Info.plist;
				LD_RUNPATH_SEARCH_PATHS = "$(inherited) @executable_path/Frameworks";
				PRODUCT_BUNDLE_IDENTIFIER = Sijiedu.com.SiJiOAProject;
				PRODUCT_NAME = "$(TARGET_NAME)";
				TARGETED_DEVICE_FAMILY = "1,2";
			};
			name = Debug;
		};
		CF285219203FAA5F00C55135 /* Release */ = {
			isa = XCBuildConfiguration;
			buildSettings = {
				ASSETCATALOG_COMPILER_APPICON_NAME = AppIcon;
				CODE_SIGN_STYLE = Automatic;
				DEVELOPMENT_TEAM = HKF69T74PM;
				INFOPLIST_FILE = SiJiOAProject/Info.plist;
				LD_RUNPATH_SEARCH_PATHS = "$(inherited) @executable_path/Frameworks";
				PRODUCT_BUNDLE_IDENTIFIER = Sijiedu.com.SiJiOAProject;
				PRODUCT_NAME = "$(TARGET_NAME)";
				TARGETED_DEVICE_FAMILY = "1,2";
			};
			name = Release;
		};
/* End XCBuildConfiguration section */

/* Begin XCConfigurationList section */
		CF2851FC203FAA5F00C55135 /* Build configuration list for PBXProject "SiJiOAProject" */ = {
			isa = XCConfigurationList;
			buildConfigurations = (
				CF285215203FAA5F00C55135 /* Debug */,
				CF285216203FAA5F00C55135 /* Release */,
			);
			defaultConfigurationIsVisible = 0;
			defaultConfigurationName = Release;
		};
		CF285217203FAA5F00C55135 /* Build configuration list for PBXNativeTarget "SiJiOAProject" */ = {
			isa = XCConfigurationList;
			buildConfigurations = (
				CF285218203FAA5F00C55135 /* Debug */,
				CF285219203FAA5F00C55135 /* Release */,
			);
			defaultConfigurationIsVisible = 0;
			defaultConfigurationName = Release;
		};
/* End XCConfigurationList section */
	};
	rootObject = CF2851F9203FAA5F00C55135 /* Project object */;
}
